{
    "name": "readfile-line",
    "version": "0.1.0",
    "lockfileVersion": 1,
    "dependencies": {
        "end-of-stream": {
            "version": "1.4.0",
            "resolved": "https://registry.npmjs.org/end-of-stream/-/end-of-stream-1.4.0.tgz",
            "integrity": "sha1-epDYM+/abPpurA9JSduw+tOmMgY="
        },
        "map-stream": {
            "version": "0.0.7",
            "resolved": "https://registry.npmjs.org/map-stream/-/map-stream-0.0.7.tgz",
            "integrity": "sha1-ih8HiW2CsQkmvTdEokIACfiJdKg="
        },
        "once": {
            "version": "1.4.0",
            "resolved": "https://registry.npmjs.org/once/-/once-1.4.0.tgz",
            "integrity": "sha1-WDsap3WWHUsROsF9nFC6753Xa9E="
        },
        "pump": {
            "version": "2.0.0",
            "resolved": "https://registry.npmjs.org/pump/-/pump-2.0.0.tgz",
            "integrity": "sha512-6MYypjOvtiXhBSTOD0Zs5eNjCGfnqi5mPsCsW+dgKTxrZzQMZQNpBo3XRkLx7id753f3EeyHLBqzqqUymIolgw=="
        },
        "split": {
            "version": "1.0.1",
            "resolved": "https://registry.npmjs.org/split/-/split-1.0.1.tgz",
            "integrity": "sha512-mTyOoPbrivtXnwnIxZRFYRrPNtEFKlpB2fvjSnCQUiAA6qAZzqwna5envK4uk6OIeP17CsdF3rSBGYVBsU0Tkg=="
        },
        "through": {
            "version": "2.3.8",
            "resolved": "https://registry.npmjs.org/through/-/through-2.3.8.tgz",
            "integrity": "sha1-DdTJ/6q8NXlgsbckEV1+Doai4fU="
        },
        "wrappy": {
            "version": "1.0.2",
            "resolved": "https://registry.npmjs.org/wrappy/-/wrappy-1.0.2.tgz",
            "integrity": "sha1-tSQ9jz7BqjXxNkYFvA0QNuMKtp8="
        }
    }
}
